
Microsoft Visual Studio Solution File, Format Version 12.00
# Visual Studio Version 17
VisualStudioVersion = 17.14.36127.28 d17.14
MinimumVisualStudioVersion = 10.0.40219.1
Project("{FAE04EC0-301F-11D3-BF4B-00C04F79EFBC}") = "Triangle Type identifier", "Triangle Type identifier.csproj", "{F3568ECE-344E-4F41-8297-D811AB53BDB0}"
EndProject
Global
	GlobalSection(SolutionConfigurationPlatforms) = preSolution
		Debug|Any CPU = Debug|Any CPU
		Release|Any CPU = Release|Any CPU
	EndGlobalSection
	GlobalSection(ProjectConfigurationPlatforms) = postSolution
		{F3568ECE-344E-4F41-8297-D811AB53BDB0}.Debug|Any CPU.ActiveCfg = Debug|Any CPU
		{F3568ECE-344E-4F41-8297-D811AB53BDB0}.Debug|Any CPU.Build.0 = Debug|Any CPU
		{F3568ECE-344E-4F41-8297-D811AB53BDB0}.Release|Any CPU.ActiveCfg = Release|Any CPU
		{F3568ECE-344E-4F41-8297-D811AB53BDB0}.Release|Any CPU.Build.0 = Release|Any CPU
	EndGlobalSection
	GlobalSection(SolutionProperties) = preSolution
		HideSolutionNode = FALSE
	EndGlobalSection
	GlobalSection(ExtensibilityGlobals) = postSolution
		SolutionGuid = {D18185CA-9609-4413-A9A0-B846ADDE0F4C}
	EndGlobalSection
EndGlobal
